# THIS IS AN AUTOGENERATED FILE. DO NOT EDIT THIS FILE DIRECTLY.
# yarn lockfile v1


array-back@^1.0.4:
  version "1.0.4"
  resolved "https://registry.yarnpkg.com/array-back/-/array-back-1.0.4.tgz#644ba7f095f7ffcf7c43b5f0dc39d3c1f03c063b"
  dependencies:
    typical "^2.6.0"

debug@*:
  version "2.6.8"
  resolved "https://registry.yarnpkg.com/debug/-/debug-2.6.8.tgz#e731531ca2ede27d188222427da17821d68ff4fc"
  dependencies:
    ms "2.0.0"

defer-promise@^1.0.1:
  version "1.0.1"
  resolved "https://registry.yarnpkg.com/defer-promise/-/defer-promise-1.0.1.tgz#1ca6ffeddbcef1715dd7aae25c7616f9ae22932f"

isarray@0.0.1:
  version "0.0.1"
  resolved "https://registry.yarnpkg.com/isarray/-/isarray-0.0.1.tgz#8a18acfca9a8f4177e09abfc6038939b05d1eedf"

koa-rewrite@^2.1.0:
  version "2.1.0"
  resolved "https://registry.yarnpkg.com/koa-rewrite/-/koa-rewrite-2.1.0.tgz#812b35f48a860031bc862f88135e5c28318b7aa8"
  dependencies:
    debug "*"
    path-to-regexp "0.0.2"

koa-route@^3.2.0:
  version "3.2.0"
  resolved "https://registry.yarnpkg.com/koa-route/-/koa-route-3.2.0.tgz#76298b99a6bcfa9e38cab6fe5c79a8733e758bce"
  dependencies:
    debug "*"
    methods "~1.1.0"
    path-to-regexp "^1.2.0"

lodash.pick@^4.4.0:
  version "4.4.0"
  resolved "https://registry.yarnpkg.com/lodash.pick/-/lodash.pick-4.4.0.tgz#52f05610fff9ded422611441ed1fc123a03001b3"

methods@~1.1.0:
  version "1.1.2"
  resolved "https://registry.yarnpkg.com/methods/-/methods-1.1.2.tgz#5529a4d67654134edcc5266656835b0f851afcee"

ms@2.0.0:
  version "2.0.0"
  resolved "https://registry.yarnpkg.com/ms/-/ms-2.0.0.tgz#5608aeadfc00be6c2901df5f9861788de0d597c8"

path-to-regexp@0.0.2:
  version "0.0.2"
  resolved "https://registry.yarnpkg.com/path-to-regexp/-/path-to-regexp-0.0.2.tgz#489feb060b314443a5494ab1da2efed2040ab24c"

path-to-regexp@^1.2.0, path-to-regexp@^1.7.0:
  version "1.7.0"
  resolved "https://registry.yarnpkg.com/path-to-regexp/-/path-to-regexp-1.7.0.tgz#59fde0f435badacba103a84e9d3bc64e96b9937d"
  dependencies:
    isarray "0.0.1"

req-then@~0.6.1:
  version "0.6.1"
  resolved "https://registry.yarnpkg.com/req-then/-/req-then-0.6.1.tgz#e85af6b939ffcc4b4f145b7e51cae73e8f8052c9"
  dependencies:
    array-back "^1.0.4"
    defer-promise "^1.0.1"
    lodash.pick "^4.4.0"
    typical "^2.6.0"

typical@^2.6.0, typical@^2.6.1:
  version "2.6.1"
  resolved "https://registry.yarnpkg.com/typical/-/typical-2.6.1.tgz#5c080e5d661cbbe38259d2e70a3c7253e873881d"
